
Microsoft Visual Studio Solution File, Format Version 12.00
# Visual Studio Version 16
VisualStudioVersion = 16.0.30204.135
MinimumVisualStudioVersion = 10.0.40219.1
Project("{FAE04EC0-301F-11D3-BF4B-00C04F79EFBC}") = "Dashboard", "Dashboard\Dashboard.csproj", "{8F2677FF-72DA-4082-B6C7-ACEC98B5235A}"
EndProject
Global
	GlobalSection(SolutionConfigurationPlatforms) = preSolution
		Debug|Any CPU = Debug|Any CPU
		Release|Any CPU = Release|Any CPU
	EndGlobalSection
	GlobalSection(ProjectConfigurationPlatforms) = postSolution
		{8F2677FF-72DA-4082-B6C7-ACEC98B5235A}.Debug|Any CPU.ActiveCfg = Debug|Any CPU
		{8F2677FF-72DA-4082-B6C7-ACEC98B5235A}.Debug|Any CPU.Build.0 = Debug|Any CPU
		{8F2677FF-72DA-4082-B6C7-ACEC98B5235A}.Release|Any CPU.ActiveCfg = Release|Any CPU
		{8F2677FF-72DA-4082-B6C7-ACEC98B5235A}.Release|Any CPU.Build.0 = Release|Any CPU
	EndGlobalSection
	GlobalSection(SolutionProperties) = preSolution
		HideSolutionNode = FALSE
	EndGlobalSection
	GlobalSection(ExtensibilityGlobals) = postSolution
		SolutionGuid = {A0CD4B3C-202E-451F-AB84-AB19B81571F1}
	EndGlobalSection
EndGlobal
